// !$*UTF8*$!
{
	archiveVersion = 1;
	classes = {
	};
	objectVersion = 46;
	objects = {

/* Begin PBXBuildFile section */
		4DAA313A17AD44BA0087DF23 /* UIKit.framework in Frameworks */ = {isa = PBXBuildFile; fileRef = 4DAA313917AD44BA0087DF23 /* UIKit.framework */; };
		4DAA313C17AD44BA0087DF23 /* Foundation.framework in Frameworks */ = {isa = PBXBuildFile; fileRef = 4DAA313B17AD44BA0087DF23 /* Foundation.framework */; };
		4DAA313E17AD44BA0087DF23 /* CoreGraphics.framework in Frameworks */ = {isa = PBXBuildFile; fileRef = 4DAA313D17AD44BA0087DF23 /* CoreGraphics.framework */; };
		4DAA314417AD44BA0087DF23 /* InfoPlist.strings in Resources */ = {isa = PBXBuildFile; fileRef = 4DAA314217AD44BA0087DF23 /* InfoPlist.strings */; };
		4DAA314617AD44BA0087DF23 /* main.m in Sources */ = {isa = PBXBuildFile; fileRef = 4DAA314517AD44BA0087DF23 /* main.m */; };
		4DAA314A17AD44BA0087DF23 /* AppDelegate.m in Sources */ = {isa = PBXBuildFile; fileRef = 4DAA314917AD44BA0087DF23 /* AppDelegate.m */; };
		4DAA314C17AD44BA0087DF23 /* Default.png in Resources */ = {isa = PBXBuildFile; fileRef = 4DAA314B17AD44BA0087DF23 /* Default.png */; };
		4DAA314E17AD44BA0087DF23 /* Default@2x.png in Resources */ = {isa = PBXBuildFile; fileRef = 4DAA314D17AD44BA0087DF23 /* Default@2x.png */; };
		4DAA315017AD44BA0087DF23 /* Default-568h@2x.png in Resources */ = {isa = PBXBuildFile; fileRef = 4DAA314F17AD44BA0087DF23 /* Default-568h@2x.png */; };
		4DAA315317AD44BA0087DF23 /* ViewController.m in Sources */ = {isa = PBXBuildFile; fileRef = 4DAA315217AD44BA0087DF23 /* ViewController.m */; };
		4DAA315617AD44BA0087DF23 /* ViewController.xib in Resources */ = {isa = PBXBuildFile; fileRef = 4DAA315417AD44BA0087DF23 /* ViewController.xib */; };
		4DAA315F17AD45770087DF23 /* empresas.plist in Resources */ = {isa = PBXBuildFile; fileRef = 4DAA315E17AD45770087DF23 /* empresas.plist */; };
		4DAA316217AD47250087DF23 /* Empresa.m in Sources */ = {isa = PBXBuildFile; fileRef = 4DAA316117AD47250087DF23 /* Empresa.m */; };
/* End PBXBuildFile section */

/* Begin PBXFileReference section */
		4DAA313617AD44BA0087DF23 /* ListaEmpresas.app */ = {isa = PBXFileReference; explicitFileType = wrapper.application; includeInIndex = 0; path = ListaEmpresas.app; sourceTree = BUILT_PRODUCTS_DIR; };
		4DAA313917AD44BA0087DF23 /* UIKit.framework */ = {isa = PBXFileReference; lastKnownFileType = wrapper.framework; name = UIKit.framework; path = System/Library/Frameworks/UIKit.framework; sourceTree = SDKROOT; };
		4DAA313B17AD44BA0087DF23 /* Foundation.framework */ = {isa = PBXFileReference; lastKnownFileType = wrapper.framework; name = Foundation.framework; path = System/Library/Frameworks/Foundation.framework; sourceTree = SDKROOT; };
		4DAA313D17AD44BA0087DF23 /* CoreGraphics.framework */ = {isa = PBXFileReference; lastKnownFileType = wrapper.framework; name = CoreGraphics.framework; path = System/Library/Frameworks/CoreGraphics.framework; sourceTree = SDKROOT; };
		4DAA314117AD44BA0087DF23 /* ListaEmpresas-Info.plist */ = {isa = PBXFileReference; lastKnownFileType = text.plist.xml; path = "ListaEmpresas-Info.plist"; sourceTree = "<group>"; };
		4DAA314317AD44BA0087DF23 /* en */ = {isa = PBXFileReference; lastKnownFileType = text.plist.strings; name = en; path = en.lproj/InfoPlist.strings; sourceTree = "<group>"; };
		4DAA314517AD44BA0087DF23 /* main.m */ = {isa = PBXFileReference; lastKnownFileType = sourcecode.c.objc; path = main.m; sourceTree = "<group>"; };
		4DAA314717AD44BA0087DF23 /* ListaEmpresas-Prefix.pch */ = {isa = PBXFileReference; lastKnownFileType = sourcecode.c.h; path = "ListaEmpresas-Prefix.pch"; sourceTree = "<group>"; };
		4DAA314817AD44BA0087DF23 /* AppDelegate.h */ = {isa = PBXFileReference; lastKnownFileType = sourcecode.c.h; path = AppDelegate.h; sourceTree = "<group>"; };
		4DAA314917AD44BA0087DF23 /* AppDelegate.m */ = {isa = PBXFileReference; lastKnownFileType = sourcecode.c.objc; path = AppDelegate.m; sourceTree = "<group>"; };
		4DAA314B17AD44BA0087DF23 /* Default.png */ = {isa = PBXFileReference; lastKnownFileType = image.png; path = Default.png; sourceTree = "<group>"; };
		4DAA314D17AD44BA0087DF23 /* Default@2x.png */ = {isa = PBXFileReference; lastKnownFileType = image.png; path = "Default@2x.png"; sourceTree = "<group>"; };
		4DAA314F17AD44BA0087DF23 /* Default-568h@2x.png */ = {isa = PBXFileReference; lastKnownFileType = image.png; path = "Default-568h@2x.png"; sourceTree = "<group>"; };
		4DAA315117AD44BA0087DF23 /* ViewController.h */ = {isa = PBXFileReference; lastKnownFileType = sourcecode.c.h; path = ViewController.h; sourceTree = "<group>"; };
		4DAA315217AD44BA0087DF23 /* ViewController.m */ = {isa = PBXFileReference; lastKnownFileType = sourcecode.c.objc; path = ViewController.m; sourceTree = "<group>"; };
		4DAA315517AD44BA0087DF23 /* en */ = {isa = PBXFileReference; lastKnownFileType = file.xib; name = en; path = en.lproj/ViewController.xib; sourceTree = "<group>"; };
		4DAA315E17AD45770087DF23 /* empresas.plist */ = {isa = PBXFileReference; fileEncoding = 4; lastKnownFileType = text.plist.xml; path = empresas.plist; sourceTree = "<group>"; };
		4DAA316017AD47250087DF23 /* Empresa.h */ = {isa = PBXFileReference; fileEncoding = 4; lastKnownFileType = sourcecode.c.h; path = Empresa.h; sourceTree = "<group>"; };
		4DAA316117AD47250087DF23 /* Empresa.m */ = {isa = PBXFileReference; fileEncoding = 4; lastKnownFileType = sourcecode.c.objc; path = Empresa.m; sourceTree = "<group>"; };
/* End PBXFileReference section */

/* Begin PBXFrameworksBuildPhase section */
		4DAA313317AD44BA0087DF23 /* Frameworks */ = {
			isa = PBXFrameworksBuildPhase;
			buildActionMask = 2147483647;
			files = (
				4DAA313A17AD44BA0087DF23 /* UIKit.framework in Frameworks */,
				4DAA313C17AD44BA0087DF23 /* Foundation.framework in Frameworks */,
				4DAA313E17AD44BA0087DF23 /* CoreGraphics.framework in Frameworks */,
			);
			runOnlyForDeploymentPostprocessing = 0;
		};
/* End PBXFrameworksBuildPhase section */

/* Begin PBXGroup section */
		4DAA312D17AD44BA0087DF23 = {
			isa = PBXGroup;
			children = (
				4DAA313F17AD44BA0087DF23 /* ListaEmpresas */,
				4DAA313817AD44BA0087DF23 /* Frameworks */,
				4DAA313717AD44BA0087DF23 /* Products */,
			);
			sourceTree = "<group>";
		};
		4DAA313717AD44BA0087DF23 /* Products */ = {
			isa = PBXGroup;
			children = (
				4DAA313617AD44BA0087DF23 /* ListaEmpresas.app */,
			);
			name = Products;
			sourceTree = "<group>";
		};
		4DAA313817AD44BA0087DF23 /* Frameworks */ = {
			isa = PBXGroup;
			children = (
				4DAA313917AD44BA0087DF23 /* UIKit.framework */,
				4DAA313B17AD44BA0087DF23 /* Foundation.framework */,
				4DAA313D17AD44BA0087DF23 /* CoreGraphics.framework */,
			);
			name = Frameworks;
			sourceTree = "<group>";
		};
		4DAA313F17AD44BA0087DF23 /* ListaEmpresas */ = {
			isa = PBXGroup;
			children = (
				4DAA314817AD44BA0087DF23 /* AppDelegate.h */,
				4DAA314917AD44BA0087DF23 /* AppDelegate.m */,
				4DAA315117AD44BA0087DF23 /* ViewController.h */,
				4DAA315217AD44BA0087DF23 /* ViewController.m */,
				4DAA315417AD44BA0087DF23 /* ViewController.xib */,
				4DAA314017AD44BA0087DF23 /* Supporting Files */,
				4DAA315E17AD45770087DF23 /* empresas.plist */,
				4DAA316017AD47250087DF23 /* Empresa.h */,
				4DAA316117AD47250087DF23 /* Empresa.m */,
			);
			path = ListaEmpresas;
			sourceTree = "<group>";
		};
		4DAA314017AD44BA0087DF23 /* Supporting Files */ = {
			isa = PBXGroup;
			children = (
				4DAA314117AD44BA0087DF23 /* ListaEmpresas-Info.plist */,
				4DAA314217AD44BA0087DF23 /* InfoPlist.strings */,
				4DAA314517AD44BA0087DF23 /* main.m */,
				4DAA314717AD44BA0087DF23 /* ListaEmpresas-Prefix.pch */,
				4DAA314B17AD44BA0087DF23 /* Default.png */,
				4DAA314D17AD44BA0087DF23 /* Default@2x.png */,
				4DAA314F17AD44BA0087DF23 /* Default-568h@2x.png */,
			);
			name = "Supporting Files";
			sourceTree = "<group>";
		};
/* End PBXGroup section */

/* Begin PBXNativeTarget section */
		4DAA313517AD44BA0087DF23 /* ListaEmpresas */ = {
			isa = PBXNativeTarget;
			buildConfigurationList = 4DAA315917AD44BA0087DF23 /* Build configuration list for PBXNativeTarget "ListaEmpresas" */;
			buildPhases = (
				4DAA313217AD44BA0087DF23 /* Sources */,
				4DAA313317AD44BA0087DF23 /* Frameworks */,
				4DAA313417AD44BA0087DF23 /* Resources */,
			);
			buildRules = (
			);
			dependencies = (
			);
			name = ListaEmpresas;
			productName = ListaEmpresas;
			productReference = 4DAA313617AD44BA0087DF23 /* ListaEmpresas.app */;
			productType = "com.apple.product-type.application";
		};
/* End PBXNativeTarget section */

/* Begin PBXProject section */
		4DAA312E17AD44BA0087DF23 /* Project object */ = {
			isa = PBXProject;
			attributes = {
				LastUpgradeCheck = 0460;
				ORGANIZATIONNAME = raffaelps;
			};
			buildConfigurationList = 4DAA313117AD44BA0087DF23 /* Build configuration list for PBXProject "ListaEmpresas" */;
			compatibilityVersion = "Xcode 3.2";
			developmentRegion = English;
			hasScannedForEncodings = 0;
			knownRegions = (
				en,
			);
			mainGroup = 4DAA312D17AD44BA0087DF23;
			productRefGroup = 4DAA313717AD44BA0087DF23 /* Products */;
			projectDirPath = "";
			projectRoot = "";
			targets = (
				4DAA313517AD44BA0087DF23 /* ListaEmpresas */,
			);
		};
/* End PBXProject section */

/* Begin PBXResourcesBuildPhase section */
		4DAA313417AD44BA0087DF23 /* Resources */ = {
			isa = PBXResourcesBuildPhase;
			buildActionMask = 2147483647;
			files = (
				4DAA314417AD44BA0087DF23 /* InfoPlist.strings in Resources */,
				4DAA314C17AD44BA0087DF23 /* Default.png in Resources */,
				4DAA314E17AD44BA0087DF23 /* Default@2x.png in Resources */,
				4DAA315017AD44BA0087DF23 /* Default-568h@2x.png in Resources */,
				4DAA315617AD44BA0087DF23 /* ViewController.xib in Resources */,
				4DAA315F17AD45770087DF23 /* empresas.plist in Resources */,
			);
			runOnlyForDeploymentPostprocessing = 0;
		};
/* End PBXResourcesBuildPhase section */

/* Begin PBXSourcesBuildPhase section */
		4DAA313217AD44BA0087DF23 /* Sources */ = {
			isa = PBXSourcesBuildPhase;
			buildActionMask = 2147483647;
			files = (
				4DAA314617AD44BA0087DF23 /* main.m in Sources */,
				4DAA314A17AD44BA0087DF23 /* AppDelegate.m in Sources */,
				4DAA315317AD44BA0087DF23 /* ViewController.m in Sources */,
				4DAA316217AD47250087DF23 /* Empresa.m in Sources */,
			);
			runOnlyForDeploymentPostprocessing = 0;
		};
/* End PBXSourcesBuildPhase section */

/* Begin PBXVariantGroup section */
		4DAA314217AD44BA0087DF23 /* InfoPlist.strings */ = {
			isa = PBXVariantGroup;
			children = (
				4DAA314317AD44BA0087DF23 /* en */,
			);
			name = InfoPlist.strings;
			sourceTree = "<group>";
		};
		4DAA315417AD44BA0087DF23 /* ViewController.xib */ = {
			isa = PBXVariantGroup;
			children = (
				4DAA315517AD44BA0087DF23 /* en */,
			);
			name = ViewController.xib;
			sourceTree = "<group>";
		};
/* End PBXVariantGroup section */

/* Begin XCBuildConfiguration section */
		4DAA315717AD44BA0087DF23 /* Debug */ = {
			isa = XCBuildConfiguration;
			buildSettings = {
				ALWAYS_SEARCH_USER_PATHS = NO;
				CLANG_CXX_LANGUAGE_STANDARD = "gnu++0x";
				CLANG_CXX_LIBRARY = "libc++";
				CLANG_WARN_CONSTANT_CONVERSION = YES;
				CLANG_WARN_EMPTY_BODY = YES;
				CLANG_WARN_ENUM_CONVERSION = YES;
				CLANG_WARN_INT_CONVERSION = YES;
				CLANG_WARN__DUPLICATE_METHOD_MATCH = YES;
				"CODE_SIGN_IDENTITY[sdk=iphoneos*]" = "iPhone Developer";
				COPY_PHASE_STRIP = NO;
				GCC_C_LANGUAGE_STANDARD = gnu99;
				GCC_DYNAMIC_NO_PIC = NO;
				GCC_OPTIMIZATION_LEVEL = 0;
				GCC_PREPROCESSOR_DEFINITIONS = (
					"DEBUG=1",
					"$(inherited)",
				);
				GCC_SYMBOLS_PRIVATE_EXTERN = NO;
				GCC_WARN_ABOUT_RETURN_TYPE = YES;
				GCC_WARN_UNINITIALIZED_AUTOS = YES;
				GCC_WARN_UNUSED_VARIABLE = YES;
				IPHONEOS_DEPLOYMENT_TARGET = 6.1;
				ONLY_ACTIVE_ARCH = YES;
				SDKROOT = iphoneos;
			};
			name = Debug;
		};
		4DAA315817AD44BA0087DF23 /* Release */ = {
			isa = XCBuildConfiguration;
			buildSettings = {
				ALWAYS_SEARCH_USER_PATHS = NO;
				CLANG_CXX_LANGUAGE_STANDARD = "gnu++0x";
				CLANG_CXX_LIBRARY = "libc++";
				CLANG_WARN_CONSTANT_CONVERSION = YES;
				CLANG_WARN_EMPTY_BODY = YES;
				CLANG_WARN_ENUM_CONVERSION = YES;
				CLANG_WARN_INT_CONVERSION = YES;
				CLANG_WARN__DUPLICATE_METHOD_MATCH = YES;
				"CODE_SIGN_IDENTITY[sdk=iphoneos*]" = "iPhone Developer";
				COPY_PHASE_STRIP = YES;
				GCC_C_LANGUAGE_STANDARD = gnu99;
				GCC_WARN_ABOUT_RETURN_TYPE = YES;
				GCC_WARN_UNINITIALIZED_AUTOS = YES;
				GCC_WARN_UNUSED_VARIABLE = YES;
				IPHONEOS_DEPLOYMENT_TARGET = 6.1;
				OTHER_CFLAGS = "-DNS_BLOCK_ASSERTIONS=1";
				SDKROOT = iphoneos;
				VALIDATE_PRODUCT = YES;
			};
			name = Release;
		};
		4DAA315A17AD44BA0087DF23 /* Debug */ = {
			isa = XCBuildConfiguration;
			buildSettings = {
				GCC_PRECOMPILE_PREFIX_HEADER = YES;
				GCC_PREFIX_HEADER = "ListaEmpresas/ListaEmpresas-Prefix.pch";
				INFOPLIST_FILE = "ListaEmpresas/ListaEmpresas-Info.plist";
				PRODUCT_NAME = "$(TARGET_NAME)";
				WRAPPER_EXTENSION = app;
			};
			name = Debug;
		};
		4DAA315B17AD44BA0087DF23 /* Release */ = {
			isa = XCBuildConfiguration;
			buildSettings = {
				GCC_PRECOMPILE_PREFIX_HEADER = YES;
				GCC_PREFIX_HEADER = "ListaEmpresas/ListaEmpresas-Prefix.pch";
				INFOPLIST_FILE = "ListaEmpresas/ListaEmpresas-Info.plist";
				PRODUCT_NAME = "$(TARGET_NAME)";
				WRAPPER_EXTENSION = app;
			};
			name = Release;
		};
/* End XCBuildConfiguration section */

/* Begin XCConfigurationList section */
		4DAA313117AD44BA0087DF23 /* Build configuration list for PBXProject "ListaEmpresas" */ = {
			isa = XCConfigurationList;
			buildConfigurations = (
				4DAA315717AD44BA0087DF23 /* Debug */,
				4DAA315817AD44BA0087DF23 /* Release */,
			);
			defaultConfigurationIsVisible = 0;
			defaultConfigurationName = Release;
		};
		4DAA315917AD44BA0087DF23 /* Build configuration list for PBXNativeTarget "ListaEmpresas" */ = {
			isa = XCConfigurationList;
			buildConfigurations = (
				4DAA315A17AD44BA0087DF23 /* Debug */,
				4DAA315B17AD44BA0087DF23 /* Release */,
			);
			defaultConfigurationIsVisible = 0;
		};
/* End XCConfigurationList section */
	};
	rootObject = 4DAA312E17AD44BA0087DF23 /* Project object */;
}
